[[package]]
category = "main"
description = "Python library for storing and reading stored arrays."
name = "arrays"
optional = false
python-versions = "*"
version = "0.0.5"

[metadata]
content-hash = "4393f531703293ee7e8fbd827bbe5fa8419082c516ccd85bf07c84f20596b6f4"
python-versions = "^3.7"

[metadata.hashes]
arrays = ["d1466210466a5bebbc64278b6db878b5691b6b1eff892ee2e544d88a14a34aec", "f67217ce631878a4aae2352a5d2d45045438c7f4fd15b37745a7793e0d8dbd02"]
